
Microsoft Visual Studio Solution File, Format Version 12.00
# Visual Studio Version 17
VisualStudioVersion = 17.7.34031.279
MinimumVisualStudioVersion = 10.0.40219.1
Project("{9A19103F-16F7-4668-BE54-9A1E7A4F7556}") = "BlazorApp", "BlazorApp.csproj", "{70D795A2-8B82-4B30-A7E4-A45A862D3035}"
EndProject
Global
	GlobalSection(SolutionConfigurationPlatforms) = preSolution
		Debug|Any CPU = Debug|Any CPU
		Release|Any CPU = Release|Any CPU
	EndGlobalSection
	GlobalSection(ProjectConfigurationPlatforms) = postSolution
		{70D795A2-8B82-4B30-A7E4-A45A862D3035}.Debug|Any CPU.ActiveCfg = Debug|Any CPU
		{70D795A2-8B82-4B30-A7E4-A45A862D3035}.Debug|Any CPU.Build.0 = Debug|Any CPU
		{70D795A2-8B82-4B30-A7E4-A45A862D3035}.Release|Any CPU.ActiveCfg = Release|Any CPU
		{70D795A2-8B82-4B30-A7E4-A45A862D3035}.Release|Any CPU.Build.0 = Release|Any CPU
	EndGlobalSection
	GlobalSection(SolutionProperties) = preSolution
		HideSolutionNode = FALSE
	EndGlobalSection
	GlobalSection(ExtensibilityGlobals) = postSolution
		SolutionGuid = {067E0E2B-BDED-4DB9-9007-8DF2A4AB7FFE}
	EndGlobalSection
EndGlobal
