
Microsoft Visual Studio Solution File, Format Version 12.00
# Visual Studio Version 17
VisualStudioVersion = 17.6.33829.357
MinimumVisualStudioVersion = 10.0.40219.1
Project("{FAE04EC0-301F-11D3-BF4B-00C04F79EFBC}") = "CrudWindowsFormsADONET", "CrudWindowsFormsADONET.csproj", "{1CA6F644-0A7D-439F-A639-3A4BAD7DD421}"
EndProject
Global
	GlobalSection(SolutionConfigurationPlatforms) = preSolution
		Debug|Any CPU = Debug|Any CPU
		Release|Any CPU = Release|Any CPU
	EndGlobalSection
	GlobalSection(ProjectConfigurationPlatforms) = postSolution
		{1CA6F644-0A7D-439F-A639-3A4BAD7DD421}.Debug|Any CPU.ActiveCfg = Debug|Any CPU
		{1CA6F644-0A7D-439F-A639-3A4BAD7DD421}.Debug|Any CPU.Build.0 = Debug|Any CPU
		{1CA6F644-0A7D-439F-A639-3A4BAD7DD421}.Release|Any CPU.ActiveCfg = Release|Any CPU
		{1CA6F644-0A7D-439F-A639-3A4BAD7DD421}.Release|Any CPU.Build.0 = Release|Any CPU
	EndGlobalSection
	GlobalSection(SolutionProperties) = preSolution
		HideSolutionNode = FALSE
	EndGlobalSection
	GlobalSection(ExtensibilityGlobals) = postSolution
		SolutionGuid = {A3F392E3-D09B-46CB-A885-0FBF3F867695}
	EndGlobalSection
EndGlobal
